// !$*UTF8*$!
{
	archiveVersion = 1;
	classes = {
	};
	objectVersion = 46;
	objects = {

/* Begin PBXBuildFile section */
		9BB3D8611D603B330035F34C /* AppDelegate.swift in Sources */ = {isa = PBXBuildFile; fileRef = 9BB3D8601D603B330035F34C /* AppDelegate.swift */; };
		9BB3D8631D603B330035F34C /* ViewController.swift in Sources */ = {isa = PBXBuildFile; fileRef = 9BB3D8621D603B330035F34C /* ViewController.swift */; };
		9BB3D8661D603B330035F34C /* Main.storyboard in Resources */ = {isa = PBXBuildFile; fileRef = 9BB3D8641D603B330035F34C /* Main.storyboard */; };
		9BB3D8681D603B330035F34C /* Assets.xcassets in Resources */ = {isa = PBXBuildFile; fileRef = 9BB3D8671D603B330035F34C /* Assets.xcassets */; };
		9BB3D86B1D603B330035F34C /* LaunchScreen.storyboard in Resources */ = {isa = PBXBuildFile; fileRef = 9BB3D8691D603B330035F34C /* LaunchScreen.storyboard */; };
		9BB3D8731D603B520035F34C /* TravelrTableViewController.swift in Sources */ = {isa = PBXBuildFile; fileRef = 9BB3D8721D603B520035F34C /* TravelrTableViewController.swift */; };
		9BB3D8751D603B610035F34C /* Travelr.swift in Sources */ = {isa = PBXBuildFile; fileRef = 9BB3D8741D603B610035F34C /* Travelr.swift */; };
/* End PBXBuildFile section */

/* Begin PBXFileReference section */
		9BB3D85D1D603B330035F34C /* TravelrDetail.app */ = {isa = PBXFileReference; explicitFileType = wrapper.application; includeInIndex = 0; path = TravelrDetail.app; sourceTree = BUILT_PRODUCTS_DIR; };
		9BB3D8601D603B330035F34C /* AppDelegate.swift */ = {isa = PBXFileReference; lastKnownFileType = sourcecode.swift; path = AppDelegate.swift; sourceTree = "<group>"; };
		9BB3D8621D603B330035F34C /* ViewController.swift */ = {isa = PBXFileReference; lastKnownFileType = sourcecode.swift; path = ViewController.swift; sourceTree = "<group>"; };
		9BB3D8651D603B330035F34C /* Base */ = {isa = PBXFileReference; lastKnownFileType = file.storyboard; name = Base; path = Base.lproj/Main.storyboard; sourceTree = "<group>"; };
		9BB3D8671D603B330035F34C /* Assets.xcassets */ = {isa = PBXFileReference; lastKnownFileType = folder.assetcatalog; path = Assets.xcassets; sourceTree = "<group>"; };
		9BB3D86A1D603B330035F34C /* Base */ = {isa = PBXFileReference; lastKnownFileType = file.storyboard; name = Base; path = Base.lproj/LaunchScreen.storyboard; sourceTree = "<group>"; };
		9BB3D86C1D603B330035F34C /* Info.plist */ = {isa = PBXFileReference; lastKnownFileType = text.plist.xml; path = Info.plist; sourceTree = "<group>"; };
		9BB3D8721D603B520035F34C /* TravelrTableViewController.swift */ = {isa = PBXFileReference; fileEncoding = 4; lastKnownFileType = sourcecode.swift; path = TravelrTableViewController.swift; sourceTree = "<group>"; };
		9BB3D8741D603B610035F34C /* Travelr.swift */ = {isa = PBXFileReference; fileEncoding = 4; lastKnownFileType = sourcecode.swift; path = Travelr.swift; sourceTree = "<group>"; };
/* End PBXFileReference section */

/* Begin PBXFrameworksBuildPhase section */
		9BB3D85A1D603B330035F34C /* Frameworks */ = {
			isa = PBXFrameworksBuildPhase;
			buildActionMask = 2147483647;
			files = (
			);
			runOnlyForDeploymentPostprocessing = 0;
		};
/* End PBXFrameworksBuildPhase section */

/* Begin PBXGroup section */
		9BB3D8541D603B330035F34C = {
			isa = PBXGroup;
			children = (
				9BB3D85F1D603B330035F34C /* TravelrDetail */,
				9BB3D85E1D603B330035F34C /* Products */,
			);
			sourceTree = "<group>";
		};
		9BB3D85E1D603B330035F34C /* Products */ = {
			isa = PBXGroup;
			children = (
				9BB3D85D1D603B330035F34C /* TravelrDetail.app */,
			);
			name = Products;
			sourceTree = "<group>";
		};
		9BB3D85F1D603B330035F34C /* TravelrDetail */ = {
			isa = PBXGroup;
			children = (
				9BB3D8601D603B330035F34C /* AppDelegate.swift */,
				9BB3D8621D603B330035F34C /* ViewController.swift */,
				9BB3D8641D603B330035F34C /* Main.storyboard */,
				9BB3D8671D603B330035F34C /* Assets.xcassets */,
				9BB3D8691D603B330035F34C /* LaunchScreen.storyboard */,
				9BB3D86C1D603B330035F34C /* Info.plist */,
				9BB3D8721D603B520035F34C /* TravelrTableViewController.swift */,
				9BB3D8741D603B610035F34C /* Travelr.swift */,
			);
			path = TravelrDetail;
			sourceTree = "<group>";
		};
/* End PBXGroup section */

/* Begin PBXNativeTarget section */
		9BB3D85C1D603B330035F34C /* TravelrDetail */ = {
			isa = PBXNativeTarget;
			buildConfigurationList = 9BB3D86F1D603B330035F34C /* Build configuration list for PBXNativeTarget "TravelrDetail" */;
			buildPhases = (
				9BB3D8591D603B330035F34C /* Sources */,
				9BB3D85A1D603B330035F34C /* Frameworks */,
				9BB3D85B1D603B330035F34C /* Resources */,
			);
			buildRules = (
			);
			dependencies = (
			);
			name = TravelrDetail;
			productName = TravelrDetail;
			productReference = 9BB3D85D1D603B330035F34C /* TravelrDetail.app */;
			productType = "com.apple.product-type.application";
		};
/* End PBXNativeTarget section */

/* Begin PBXProject section */
		9BB3D8551D603B330035F34C /* Project object */ = {
			isa = PBXProject;
			attributes = {
				LastSwiftUpdateCheck = 0730;
				LastUpgradeCheck = 0730;
				ORGANIZATIONNAME = LEE;
				TargetAttributes = {
					9BB3D85C1D603B330035F34C = {
						CreatedOnToolsVersion = 7.3.1;
					};
				};
			};
			buildConfigurationList = 9BB3D8581D603B330035F34C /* Build configuration list for PBXProject "TravelrDetail" */;
			compatibilityVersion = "Xcode 3.2";
			developmentRegion = English;
			hasScannedForEncodings = 0;
			knownRegions = (
				en,
				Base,
			);
			mainGroup = 9BB3D8541D603B330035F34C;
			productRefGroup = 9BB3D85E1D603B330035F34C /* Products */;
			projectDirPath = "";
			projectRoot = "";
			targets = (
				9BB3D85C1D603B330035F34C /* TravelrDetail */,
			);
		};
/* End PBXProject section */

/* Begin PBXResourcesBuildPhase section */
		9BB3D85B1D603B330035F34C /* Resources */ = {
			isa = PBXResourcesBuildPhase;
			buildActionMask = 2147483647;
			files = (
				9BB3D86B1D603B330035F34C /* LaunchScreen.storyboard in Resources */,
				9BB3D8681D603B330035F34C /* Assets.xcassets in Resources */,
				9BB3D8661D603B330035F34C /* Main.storyboard in Resources */,
			);
			runOnlyForDeploymentPostprocessing = 0;
		};
/* End PBXResourcesBuildPhase section */

/* Begin PBXSourcesBuildPhase section */
		9BB3D8591D603B330035F34C /* Sources */ = {
			isa = PBXSourcesBuildPhase;
			buildActionMask = 2147483647;
			files = (
				9BB3D8751D603B610035F34C /* Travelr.swift in Sources */,
				9BB3D8731D603B520035F34C /* TravelrTableViewController.swift in Sources */,
				9BB3D8631D603B330035F34C /* ViewController.swift in Sources */,
				9BB3D8611D603B330035F34C /* AppDelegate.swift in Sources */,
			);
			runOnlyForDeploymentPostprocessing = 0;
		};
/* End PBXSourcesBuildPhase section */

/* Begin PBXVariantGroup section */
		9BB3D8641D603B330035F34C /* Main.storyboard */ = {
			isa = PBXVariantGroup;
			children = (
				9BB3D8651D603B330035F34C /* Base */,
			);
			name = Main.storyboard;
			sourceTree = "<group>";
		};
		9BB3D8691D603B330035F34C /* LaunchScreen.storyboard */ = {
			isa = PBXVariantGroup;
			children = (
				9BB3D86A1D603B330035F34C /* Base */,
			);
			name = LaunchScreen.storyboard;
			sourceTree = "<group>";
		};
/* End PBXVariantGroup section */

/* Begin XCBuildConfiguration section */
		9BB3D86D1D603B330035F34C /* Debug */ = {
			isa = XCBuildConfiguration;
			buildSettings = {
				ALWAYS_SEARCH_USER_PATHS = NO;
				CLANG_ANALYZER_NONNULL = YES;
				CLANG_CXX_LANGUAGE_STANDARD = "gnu++0x";
				CLANG_CXX_LIBRARY = "libc++";
				CLANG_ENABLE_MODULES = YES;
				CLANG_ENABLE_OBJC_ARC = YES;
				CLANG_WARN_BOOL_CONVERSION = YES;
				CLANG_WARN_CONSTANT_CONVERSION = YES;
				CLANG_WARN_DIRECT_OBJC_ISA_USAGE = YES_ERROR;
				CLANG_WARN_EMPTY_BODY = YES;
				CLANG_WARN_ENUM_CONVERSION = YES;
				CLANG_WARN_INT_CONVERSION = YES;
				CLANG_WARN_OBJC_ROOT_CLASS = YES_ERROR;
				CLANG_WARN_UNREACHABLE_CODE = YES;
				CLANG_WARN__DUPLICATE_METHOD_MATCH = YES;
				"CODE_SIGN_IDENTITY[sdk=iphoneos*]" = "iPhone Developer";
				COPY_PHASE_STRIP = NO;
				DEBUG_INFORMATION_FORMAT = dwarf;
				ENABLE_STRICT_OBJC_MSGSEND = YES;
				ENABLE_TESTABILITY = YES;
				GCC_C_LANGUAGE_STANDARD = gnu99;
				GCC_DYNAMIC_NO_PIC = NO;
				GCC_NO_COMMON_BLOCKS = YES;
				GCC_OPTIMIZATION_LEVEL = 0;
				GCC_PREPROCESSOR_DEFINITIONS = (
					"DEBUG=1",
					"$(inherited)",
				);
				GCC_WARN_64_TO_32_BIT_CONVERSION = YES;
				GCC_WARN_ABOUT_RETURN_TYPE = YES_ERROR;
				GCC_WARN_UNDECLARED_SELECTOR = YES;
				GCC_WARN_UNINITIALIZED_AUTOS = YES_AGGRESSIVE;
				GCC_WARN_UNUSED_FUNCTION = YES;
				GCC_WARN_UNUSED_VARIABLE = YES;
				IPHONEOS_DEPLOYMENT_TARGET = 9.3;
				MTL_ENABLE_DEBUG_INFO = YES;
				ONLY_ACTIVE_ARCH = YES;
				SDKROOT = iphoneos;
				SWIFT_OPTIMIZATION_LEVEL = "-Onone";
				TARGETED_DEVICE_FAMILY = "1,2";
			};
			name = Debug;
		};
		9BB3D86E1D603B330035F34C /* Release */ = {
			isa = XCBuildConfiguration;
			buildSettings = {
				ALWAYS_SEARCH_USER_PATHS = NO;
				CLANG_ANALYZER_NONNULL = YES;
				CLANG_CXX_LANGUAGE_STANDARD = "gnu++0x";
				CLANG_CXX_LIBRARY = "libc++";
				CLANG_ENABLE_MODULES = YES;
				CLANG_ENABLE_OBJC_ARC = YES;
				CLANG_WARN_BOOL_CONVERSION = YES;
				CLANG_WARN_CONSTANT_CONVERSION = YES;
				CLANG_WARN_DIRECT_OBJC_ISA_USAGE = YES_ERROR;
				CLANG_WARN_EMPTY_BODY = YES;
				CLANG_WARN_ENUM_CONVERSION = YES;
				CLANG_WARN_INT_CONVERSION = YES;
				CLANG_WARN_OBJC_ROOT_CLASS = YES_ERROR;
				CLANG_WARN_UNREACHABLE_CODE = YES;
				CLANG_WARN__DUPLICATE_METHOD_MATCH = YES;
				"CODE_SIGN_IDENTITY[sdk=iphoneos*]" = "iPhone Developer";
				COPY_PHASE_STRIP = NO;
				DEBUG_INFORMATION_FORMAT = "dwarf-with-dsym";
				ENABLE_NS_ASSERTIONS = NO;
				ENABLE_STRICT_OBJC_MSGSEND = YES;
				GCC_C_LANGUAGE_STANDARD = gnu99;
				GCC_NO_COMMON_BLOCKS = YES;
				GCC_WARN_64_TO_32_BIT_CONVERSION = YES;
				GCC_WARN_ABOUT_RETURN_TYPE = YES_ERROR;
				GCC_WARN_UNDECLARED_SELECTOR = YES;
				GCC_WARN_UNINITIALIZED_AUTOS = YES_AGGRESSIVE;
				GCC_WARN_UNUSED_FUNCTION = YES;
				GCC_WARN_UNUSED_VARIABLE = YES;
				IPHONEOS_DEPLOYMENT_TARGET = 9.3;
				MTL_ENABLE_DEBUG_INFO = NO;
				SDKROOT = iphoneos;
				TARGETED_DEVICE_FAMILY = "1,2";
				VALIDATE_PRODUCT = YES;
			};
			name = Release;
		};
		9BB3D8701D603B330035F34C /* Debug */ = {
			isa = XCBuildConfiguration;
			buildSettings = {
				ASSETCATALOG_COMPILER_APPICON_NAME = AppIcon;
				INFOPLIST_FILE = TravelrDetail/Info.plist;
				LD_RUNPATH_SEARCH_PATHS = "$(inherited) @executable_path/Frameworks";
				PRODUCT_BUNDLE_IDENTIFIER = KUiOS.TravelrDetail;
				PRODUCT_NAME = "$(TARGET_NAME)";
			};
			name = Debug;
		};
		9BB3D8711D603B330035F34C /* Release */ = {
			isa = XCBuildConfiguration;
			buildSettings = {
				ASSETCATALOG_COMPILER_APPICON_NAME = AppIcon;
				INFOPLIST_FILE = TravelrDetail/Info.plist;
				LD_RUNPATH_SEARCH_PATHS = "$(inherited) @executable_path/Frameworks";
				PRODUCT_BUNDLE_IDENTIFIER = KUiOS.TravelrDetail;
				PRODUCT_NAME = "$(TARGET_NAME)";
			};
			name = Release;
		};
/* End XCBuildConfiguration section */

/* Begin XCConfigurationList section */
		9BB3D8581D603B330035F34C /* Build configuration list for PBXProject "TravelrDetail" */ = {
			isa = XCConfigurationList;
			buildConfigurations = (
				9BB3D86D1D603B330035F34C /* Debug */,
				9BB3D86E1D603B330035F34C /* Release */,
			);
			defaultConfigurationIsVisible = 0;
			defaultConfigurationName = Release;
		};
		9BB3D86F1D603B330035F34C /* Build configuration list for PBXNativeTarget "TravelrDetail" */ = {
			isa = XCConfigurationList;
			buildConfigurations = (
				9BB3D8701D603B330035F34C /* Debug */,
				9BB3D8711D603B330035F34C /* Release */,
			);
			defaultConfigurationIsVisible = 0;
		};
/* End XCConfigurationList section */
	};
	rootObject = 9BB3D8551D603B330035F34C /* Project object */;
}
