// !$*UTF8*$!
{
	archiveVersion = 1;
	classes = {
	};
	objectVersion = 46;
	objects = {

/* Begin PBXBuildFile section */
		D5C961C91D5C362800D984E4 /* AppDelegate.swift in Sources */ = {isa = PBXBuildFile; fileRef = D5C961C81D5C362800D984E4 /* AppDelegate.swift */; };
		D5C961CB1D5C362800D984E4 /* ViewController.swift in Sources */ = {isa = PBXBuildFile; fileRef = D5C961CA1D5C362800D984E4 /* ViewController.swift */; };
		D5C961CE1D5C362800D984E4 /* Main.storyboard in Resources */ = {isa = PBXBuildFile; fileRef = D5C961CC1D5C362800D984E4 /* Main.storyboard */; };
		D5C961D01D5C362800D984E4 /* Assets.xcassets in Resources */ = {isa = PBXBuildFile; fileRef = D5C961CF1D5C362800D984E4 /* Assets.xcassets */; };
		D5C961D31D5C362800D984E4 /* LaunchScreen.storyboard in Resources */ = {isa = PBXBuildFile; fileRef = D5C961D11D5C362800D984E4 /* LaunchScreen.storyboard */; };
		D5C961DB1D5C381000D984E4 /* Student.swift in Sources */ = {isa = PBXBuildFile; fileRef = D5C961DA1D5C381000D984E4 /* Student.swift */; };
		D5C961DD1D5C393600D984E4 /* StudentTableViewController.swift in Sources */ = {isa = PBXBuildFile; fileRef = D5C961DC1D5C393600D984E4 /* StudentTableViewController.swift */; };
/* End PBXBuildFile section */

/* Begin PBXFileReference section */
		D5C961C51D5C362800D984E4 /* FirifafaDetail.app */ = {isa = PBXFileReference; explicitFileType = wrapper.application; includeInIndex = 0; path = FirifafaDetail.app; sourceTree = BUILT_PRODUCTS_DIR; };
		D5C961C81D5C362800D984E4 /* AppDelegate.swift */ = {isa = PBXFileReference; lastKnownFileType = sourcecode.swift; path = AppDelegate.swift; sourceTree = "<group>"; };
		D5C961CA1D5C362800D984E4 /* ViewController.swift */ = {isa = PBXFileReference; lastKnownFileType = sourcecode.swift; path = ViewController.swift; sourceTree = "<group>"; };
		D5C961CD1D5C362800D984E4 /* Base */ = {isa = PBXFileReference; lastKnownFileType = file.storyboard; name = Base; path = Base.lproj/Main.storyboard; sourceTree = "<group>"; };
		D5C961CF1D5C362800D984E4 /* Assets.xcassets */ = {isa = PBXFileReference; lastKnownFileType = folder.assetcatalog; path = Assets.xcassets; sourceTree = "<group>"; };
		D5C961D21D5C362800D984E4 /* Base */ = {isa = PBXFileReference; lastKnownFileType = file.storyboard; name = Base; path = Base.lproj/LaunchScreen.storyboard; sourceTree = "<group>"; };
		D5C961D41D5C362800D984E4 /* Info.plist */ = {isa = PBXFileReference; lastKnownFileType = text.plist.xml; path = Info.plist; sourceTree = "<group>"; };
		D5C961DA1D5C381000D984E4 /* Student.swift */ = {isa = PBXFileReference; fileEncoding = 4; lastKnownFileType = sourcecode.swift; path = Student.swift; sourceTree = "<group>"; };
		D5C961DC1D5C393600D984E4 /* StudentTableViewController.swift */ = {isa = PBXFileReference; fileEncoding = 4; lastKnownFileType = sourcecode.swift; path = StudentTableViewController.swift; sourceTree = "<group>"; };
/* End PBXFileReference section */

/* Begin PBXFrameworksBuildPhase section */
		D5C961C21D5C362800D984E4 /* Frameworks */ = {
			isa = PBXFrameworksBuildPhase;
			buildActionMask = 2147483647;
			files = (
			);
			runOnlyForDeploymentPostprocessing = 0;
		};
/* End PBXFrameworksBuildPhase section */

/* Begin PBXGroup section */
		D5C961BC1D5C362800D984E4 = {
			isa = PBXGroup;
			children = (
				D5C961C71D5C362800D984E4 /* FirifafaDetail */,
				D5C961C61D5C362800D984E4 /* Products */,
			);
			sourceTree = "<group>";
		};
		D5C961C61D5C362800D984E4 /* Products */ = {
			isa = PBXGroup;
			children = (
				D5C961C51D5C362800D984E4 /* FirifafaDetail.app */,
			);
			name = Products;
			sourceTree = "<group>";
		};
		D5C961C71D5C362800D984E4 /* FirifafaDetail */ = {
			isa = PBXGroup;
			children = (
				D5C961C81D5C362800D984E4 /* AppDelegate.swift */,
				D5C961CA1D5C362800D984E4 /* ViewController.swift */,
				D5C961CC1D5C362800D984E4 /* Main.storyboard */,
				D5C961DC1D5C393600D984E4 /* StudentTableViewController.swift */,
				D5C961CF1D5C362800D984E4 /* Assets.xcassets */,
				D5C961D11D5C362800D984E4 /* LaunchScreen.storyboard */,
				D5C961D41D5C362800D984E4 /* Info.plist */,
				D5C961DA1D5C381000D984E4 /* Student.swift */,
			);
			path = FirifafaDetail;
			sourceTree = "<group>";
		};
/* End PBXGroup section */

/* Begin PBXNativeTarget section */
		D5C961C41D5C362800D984E4 /* FirifafaDetail */ = {
			isa = PBXNativeTarget;
			buildConfigurationList = D5C961D71D5C362800D984E4 /* Build configuration list for PBXNativeTarget "FirifafaDetail" */;
			buildPhases = (
				D5C961C11D5C362800D984E4 /* Sources */,
				D5C961C21D5C362800D984E4 /* Frameworks */,
				D5C961C31D5C362800D984E4 /* Resources */,
			);
			buildRules = (
			);
			dependencies = (
			);
			name = FirifafaDetail;
			productName = FirifafaDetail;
			productReference = D5C961C51D5C362800D984E4 /* FirifafaDetail.app */;
			productType = "com.apple.product-type.application";
		};
/* End PBXNativeTarget section */

/* Begin PBXProject section */
		D5C961BD1D5C362800D984E4 /* Project object */ = {
			isa = PBXProject;
			attributes = {
				LastSwiftUpdateCheck = 0720;
				LastUpgradeCheck = 0720;
				ORGANIZATIONNAME = JJLee;
				TargetAttributes = {
					D5C961C41D5C362800D984E4 = {
						CreatedOnToolsVersion = 7.2;
					};
				};
			};
			buildConfigurationList = D5C961C01D5C362800D984E4 /* Build configuration list for PBXProject "FirifafaDetail" */;
			compatibilityVersion = "Xcode 3.2";
			developmentRegion = English;
			hasScannedForEncodings = 0;
			knownRegions = (
				en,
				Base,
			);
			mainGroup = D5C961BC1D5C362800D984E4;
			productRefGroup = D5C961C61D5C362800D984E4 /* Products */;
			projectDirPath = "";
			projectRoot = "";
			targets = (
				D5C961C41D5C362800D984E4 /* FirifafaDetail */,
			);
		};
/* End PBXProject section */

/* Begin PBXResourcesBuildPhase section */
		D5C961C31D5C362800D984E4 /* Resources */ = {
			isa = PBXResourcesBuildPhase;
			buildActionMask = 2147483647;
			files = (
				D5C961D31D5C362800D984E4 /* LaunchScreen.storyboard in Resources */,
				D5C961D01D5C362800D984E4 /* Assets.xcassets in Resources */,
				D5C961CE1D5C362800D984E4 /* Main.storyboard in Resources */,
			);
			runOnlyForDeploymentPostprocessing = 0;
		};
/* End PBXResourcesBuildPhase section */

/* Begin PBXSourcesBuildPhase section */
		D5C961C11D5C362800D984E4 /* Sources */ = {
			isa = PBXSourcesBuildPhase;
			buildActionMask = 2147483647;
			files = (
				D5C961CB1D5C362800D984E4 /* ViewController.swift in Sources */,
				D5C961DB1D5C381000D984E4 /* Student.swift in Sources */,
				D5C961DD1D5C393600D984E4 /* StudentTableViewController.swift in Sources */,
				D5C961C91D5C362800D984E4 /* AppDelegate.swift in Sources */,
			);
			runOnlyForDeploymentPostprocessing = 0;
		};
/* End PBXSourcesBuildPhase section */

/* Begin PBXVariantGroup section */
		D5C961CC1D5C362800D984E4 /* Main.storyboard */ = {
			isa = PBXVariantGroup;
			children = (
				D5C961CD1D5C362800D984E4 /* Base */,
			);
			name = Main.storyboard;
			sourceTree = "<group>";
		};
		D5C961D11D5C362800D984E4 /* LaunchScreen.storyboard */ = {
			isa = PBXVariantGroup;
			children = (
				D5C961D21D5C362800D984E4 /* Base */,
			);
			name = LaunchScreen.storyboard;
			sourceTree = "<group>";
		};
/* End PBXVariantGroup section */

/* Begin XCBuildConfiguration section */
		D5C961D51D5C362800D984E4 /* Debug */ = {
			isa = XCBuildConfiguration;
			buildSettings = {
				ALWAYS_SEARCH_USER_PATHS = NO;
				CLANG_CXX_LANGUAGE_STANDARD = "gnu++0x";
				CLANG_CXX_LIBRARY = "libc++";
				CLANG_ENABLE_MODULES = YES;
				CLANG_ENABLE_OBJC_ARC = YES;
				CLANG_WARN_BOOL_CONVERSION = YES;
				CLANG_WARN_CONSTANT_CONVERSION = YES;
				CLANG_WARN_DIRECT_OBJC_ISA_USAGE = YES_ERROR;
				CLANG_WARN_EMPTY_BODY = YES;
				CLANG_WARN_ENUM_CONVERSION = YES;
				CLANG_WARN_INT_CONVERSION = YES;
				CLANG_WARN_OBJC_ROOT_CLASS = YES_ERROR;
				CLANG_WARN_UNREACHABLE_CODE = YES;
				CLANG_WARN__DUPLICATE_METHOD_MATCH = YES;
				"CODE_SIGN_IDENTITY[sdk=iphoneos*]" = "iPhone Developer";
				COPY_PHASE_STRIP = NO;
				DEBUG_INFORMATION_FORMAT = dwarf;
				ENABLE_STRICT_OBJC_MSGSEND = YES;
				ENABLE_TESTABILITY = YES;
				GCC_C_LANGUAGE_STANDARD = gnu99;
				GCC_DYNAMIC_NO_PIC = NO;
				GCC_NO_COMMON_BLOCKS = YES;
				GCC_OPTIMIZATION_LEVEL = 0;
				GCC_PREPROCESSOR_DEFINITIONS = (
					"DEBUG=1",
					"$(inherited)",
				);
				GCC_WARN_64_TO_32_BIT_CONVERSION = YES;
				GCC_WARN_ABOUT_RETURN_TYPE = YES_ERROR;
				GCC_WARN_UNDECLARED_SELECTOR = YES;
				GCC_WARN_UNINITIALIZED_AUTOS = YES_AGGRESSIVE;
				GCC_WARN_UNUSED_FUNCTION = YES;
				GCC_WARN_UNUSED_VARIABLE = YES;
				IPHONEOS_DEPLOYMENT_TARGET = 9.2;
				MTL_ENABLE_DEBUG_INFO = YES;
				ONLY_ACTIVE_ARCH = YES;
				SDKROOT = iphoneos;
				SWIFT_OPTIMIZATION_LEVEL = "-Onone";
				TARGETED_DEVICE_FAMILY = "1,2";
			};
			name = Debug;
		};
		D5C961D61D5C362800D984E4 /* Release */ = {
			isa = XCBuildConfiguration;
			buildSettings = {
				ALWAYS_SEARCH_USER_PATHS = NO;
				CLANG_CXX_LANGUAGE_STANDARD = "gnu++0x";
				CLANG_CXX_LIBRARY = "libc++";
				CLANG_ENABLE_MODULES = YES;
				CLANG_ENABLE_OBJC_ARC = YES;
				CLANG_WARN_BOOL_CONVERSION = YES;
				CLANG_WARN_CONSTANT_CONVERSION = YES;
				CLANG_WARN_DIRECT_OBJC_ISA_USAGE = YES_ERROR;
				CLANG_WARN_EMPTY_BODY = YES;
				CLANG_WARN_ENUM_CONVERSION = YES;
				CLANG_WARN_INT_CONVERSION = YES;
				CLANG_WARN_OBJC_ROOT_CLASS = YES_ERROR;
				CLANG_WARN_UNREACHABLE_CODE = YES;
				CLANG_WARN__DUPLICATE_METHOD_MATCH = YES;
				"CODE_SIGN_IDENTITY[sdk=iphoneos*]" = "iPhone Developer";
				COPY_PHASE_STRIP = NO;
				DEBUG_INFORMATION_FORMAT = "dwarf-with-dsym";
				ENABLE_NS_ASSERTIONS = NO;
				ENABLE_STRICT_OBJC_MSGSEND = YES;
				GCC_C_LANGUAGE_STANDARD = gnu99;
				GCC_NO_COMMON_BLOCKS = YES;
				GCC_WARN_64_TO_32_BIT_CONVERSION = YES;
				GCC_WARN_ABOUT_RETURN_TYPE = YES_ERROR;
				GCC_WARN_UNDECLARED_SELECTOR = YES;
				GCC_WARN_UNINITIALIZED_AUTOS = YES_AGGRESSIVE;
				GCC_WARN_UNUSED_FUNCTION = YES;
				GCC_WARN_UNUSED_VARIABLE = YES;
				IPHONEOS_DEPLOYMENT_TARGET = 9.2;
				MTL_ENABLE_DEBUG_INFO = NO;
				SDKROOT = iphoneos;
				TARGETED_DEVICE_FAMILY = "1,2";
				VALIDATE_PRODUCT = YES;
			};
			name = Release;
		};
		D5C961D81D5C362800D984E4 /* Debug */ = {
			isa = XCBuildConfiguration;
			buildSettings = {
				ASSETCATALOG_COMPILER_APPICON_NAME = AppIcon;
				INFOPLIST_FILE = FirifafaDetail/Info.plist;
				LD_RUNPATH_SEARCH_PATHS = "$(inherited) @executable_path/Frameworks";
				PRODUCT_BUNDLE_IDENTIFIER = com.jjlee.FirifafaDetail;
				PRODUCT_NAME = "$(TARGET_NAME)";
			};
			name = Debug;
		};
		D5C961D91D5C362800D984E4 /* Release */ = {
			isa = XCBuildConfiguration;
			buildSettings = {
				ASSETCATALOG_COMPILER_APPICON_NAME = AppIcon;
				INFOPLIST_FILE = FirifafaDetail/Info.plist;
				LD_RUNPATH_SEARCH_PATHS = "$(inherited) @executable_path/Frameworks";
				PRODUCT_BUNDLE_IDENTIFIER = com.jjlee.FirifafaDetail;
				PRODUCT_NAME = "$(TARGET_NAME)";
			};
			name = Release;
		};
/* End XCBuildConfiguration section */

/* Begin XCConfigurationList section */
		D5C961C01D5C362800D984E4 /* Build configuration list for PBXProject "FirifafaDetail" */ = {
			isa = XCConfigurationList;
			buildConfigurations = (
				D5C961D51D5C362800D984E4 /* Debug */,
				D5C961D61D5C362800D984E4 /* Release */,
			);
			defaultConfigurationIsVisible = 0;
			defaultConfigurationName = Release;
		};
		D5C961D71D5C362800D984E4 /* Build configuration list for PBXNativeTarget "FirifafaDetail" */ = {
			isa = XCConfigurationList;
			buildConfigurations = (
				D5C961D81D5C362800D984E4 /* Debug */,
				D5C961D91D5C362800D984E4 /* Release */,
			);
			defaultConfigurationIsVisible = 0;
			defaultConfigurationName = Release;
		};
/* End XCConfigurationList section */
	};
	rootObject = D5C961BD1D5C362800D984E4 /* Project object */;
}
